
Microsoft Visual Studio Solution File, Format Version 12.00
# Visual Studio 15
VisualStudioVersion = 15.0.27004.2009
MinimumVisualStudioVersion = 10.0.40219.1
Project("{FAE04EC0-301F-11D3-BF4B-00C04F79EFBC}") = "ECS", "ECS\ECS.csproj", "{50CB16FA-9FF3-45ED-BC58-FE55C1F9DE29}"
EndProject
Project("{FAE04EC0-301F-11D3-BF4B-00C04F79EFBC}") = "ECSTests", "ECSTests\ECSTests.csproj", "{06AEAB86-B66B-4754-9B49-47FF1D076CAD}"
EndProject
Project("{FAE04EC0-301F-11D3-BF4B-00C04F79EFBC}") = "EngineCore", "EngineCore\EngineCore.csproj", "{A0934AB7-7D69-4C1C-97AD-F551E25B295B}"
EndProject
Project("{FAE04EC0-301F-11D3-BF4B-00C04F79EFBC}") = "ExampleGame", "ExampleGame\ExampleGame.csproj", "{4BF0C037-808E-4FAE-B99E-E1DC3B0CB5FE}"
EndProject
Project("{FAE04EC0-301F-11D3-BF4B-00C04F79EFBC}") = "VSCodeExtension", "VSCodeExtension\VSCodeExtension.csproj", "{5802452A-14F8-466B-A7E3-23BE466EB895}"
EndProject
Global
	GlobalSection(SolutionConfigurationPlatforms) = preSolution
		Debug|Any CPU = Debug|Any CPU
		Release|Any CPU = Release|Any CPU
	EndGlobalSection
	GlobalSection(ProjectConfigurationPlatforms) = postSolution
		{50CB16FA-9FF3-45ED-BC58-FE55C1F9DE29}.Debug|Any CPU.ActiveCfg = Debug|Any CPU
		{50CB16FA-9FF3-45ED-BC58-FE55C1F9DE29}.Debug|Any CPU.Build.0 = Debug|Any CPU
		{50CB16FA-9FF3-45ED-BC58-FE55C1F9DE29}.Release|Any CPU.ActiveCfg = Release|Any CPU
		{50CB16FA-9FF3-45ED-BC58-FE55C1F9DE29}.Release|Any CPU.Build.0 = Release|Any CPU
		{06AEAB86-B66B-4754-9B49-47FF1D076CAD}.Debug|Any CPU.ActiveCfg = Debug|Any CPU
		{06AEAB86-B66B-4754-9B49-47FF1D076CAD}.Debug|Any CPU.Build.0 = Debug|Any CPU
		{06AEAB86-B66B-4754-9B49-47FF1D076CAD}.Release|Any CPU.ActiveCfg = Release|Any CPU
		{06AEAB86-B66B-4754-9B49-47FF1D076CAD}.Release|Any CPU.Build.0 = Release|Any CPU
		{A0934AB7-7D69-4C1C-97AD-F551E25B295B}.Debug|Any CPU.ActiveCfg = Debug|Any CPU
		{A0934AB7-7D69-4C1C-97AD-F551E25B295B}.Debug|Any CPU.Build.0 = Debug|Any CPU
		{A0934AB7-7D69-4C1C-97AD-F551E25B295B}.Release|Any CPU.ActiveCfg = Release|Any CPU
		{A0934AB7-7D69-4C1C-97AD-F551E25B295B}.Release|Any CPU.Build.0 = Release|Any CPU
		{4BF0C037-808E-4FAE-B99E-E1DC3B0CB5FE}.Debug|Any CPU.ActiveCfg = Debug|Any CPU
		{4BF0C037-808E-4FAE-B99E-E1DC3B0CB5FE}.Debug|Any CPU.Build.0 = Debug|Any CPU
		{4BF0C037-808E-4FAE-B99E-E1DC3B0CB5FE}.Release|Any CPU.ActiveCfg = Release|Any CPU
		{4BF0C037-808E-4FAE-B99E-E1DC3B0CB5FE}.Release|Any CPU.Build.0 = Release|Any CPU
		{5802452A-14F8-466B-A7E3-23BE466EB895}.Debug|Any CPU.ActiveCfg = Debug|Any CPU
		{5802452A-14F8-466B-A7E3-23BE466EB895}.Debug|Any CPU.Build.0 = Debug|Any CPU
		{5802452A-14F8-466B-A7E3-23BE466EB895}.Release|Any CPU.ActiveCfg = Release|Any CPU
		{5802452A-14F8-466B-A7E3-23BE466EB895}.Release|Any CPU.Build.0 = Release|Any CPU
	EndGlobalSection
	GlobalSection(SolutionProperties) = preSolution
		HideSolutionNode = FALSE
	EndGlobalSection
	GlobalSection(ExtensibilityGlobals) = postSolution
		SolutionGuid = {701818E0-B5D5-46B8-A978-BB97EFA7B95E}
	EndGlobalSection
EndGlobal
